Microsoft Visual Studio Solution File, Format Version 12.00
# Visual Studio Version 17
VisualStudioVersion = 17.5.2.0
MinimumVisualStudioVersion = 10.0.40219.1
Project("{FAE04EC0-301F-11D3-BF4B-00C04F79EFBC}") = "MiniSocial", "MiniSocial.csproj", "{AC72C804-6A65-D4BF-10C9-F1E84E5AC0A8}"
EndProject
Global
	GlobalSection(SolutionConfigurationPlatforms) = preSolution
		Debug|Any CPU = Debug|Any CPU
		Release|Any CPU = Release|Any CPU
	EndGlobalSection
	GlobalSection(ProjectConfigurationPlatforms) = postSolution
		{AC72C804-6A65-D4BF-10C9-F1E84E5AC0A8}.Debug|Any CPU.ActiveCfg = Debug|Any CPU
		{AC72C804-6A65-D4BF-10C9-F1E84E5AC0A8}.Debug|Any CPU.Build.0 = Debug|Any CPU
		{AC72C804-6A65-D4BF-10C9-F1E84E5AC0A8}.Release|Any CPU.ActiveCfg = Release|Any CPU
		{AC72C804-6A65-D4BF-10C9-F1E84E5AC0A8}.Release|Any CPU.Build.0 = Release|Any CPU
	EndGlobalSection
	GlobalSection(SolutionProperties) = preSolution
		HideSolutionNode = FALSE
	EndGlobalSection
	GlobalSection(ExtensibilityGlobals) = postSolution
		SolutionGuid = {C1844B83-DA90-45EF-8283-F91C3C1C39CC}
	EndGlobalSection
EndGlobal
